
Microsoft Visual Studio Solution File, Format Version 12.00
# Visual Studio Version 17
VisualStudioVersion = 17.3.32901.215
MinimumVisualStudioVersion = 10.0.40219.1
Project("{FAE04EC0-301F-11D3-BF4B-00C04F79EFBC}") = "ornek2", "ornek2\ornek2.csproj", "{66D0F448-59B3-4D95-AC8E-1AAFAD820452}"
EndProject
Global
	GlobalSection(SolutionConfigurationPlatforms) = preSolution
		Debug|Any CPU = Debug|Any CPU
		Release|Any CPU = Release|Any CPU
	EndGlobalSection
	GlobalSection(ProjectConfigurationPlatforms) = postSolution
		{66D0F448-59B3-4D95-AC8E-1AAFAD820452}.Debug|Any CPU.ActiveCfg = Debug|Any CPU
		{66D0F448-59B3-4D95-AC8E-1AAFAD820452}.Debug|Any CPU.Build.0 = Debug|Any CPU
		{66D0F448-59B3-4D95-AC8E-1AAFAD820452}.Release|Any CPU.ActiveCfg = Release|Any CPU
		{66D0F448-59B3-4D95-AC8E-1AAFAD820452}.Release|Any CPU.Build.0 = Release|Any CPU
	EndGlobalSection
	GlobalSection(SolutionProperties) = preSolution
		HideSolutionNode = FALSE
	EndGlobalSection
	GlobalSection(ExtensibilityGlobals) = postSolution
		SolutionGuid = {E863B124-F0BA-4D72-B9A4-F927ED33E07D}
	EndGlobalSection
EndGlobal
